{
  "version": 4,
  "terraform_version": "1.2.5",
  "serial": 24,
  "lineage": "27115adc-ca01-e9f9-9a06-dc0d0866d3ca",
  "outputs": {
    "conteúdo": {
      "value": "Welcome to the new Trantor SI World 2!",
      "type": "string"
    },
    "datasource-result": {
      "value": "Welcome to the new Trantor SI World!",
      "type": "string"
    },
    "id-do-arquivo": {
      "value": "637f7579dd23ad7a0617e3e5afe26647793e2fdf",
      "type": "string"
    }
  },
  "resources": [
    {
      "mode": "data",
      "type": "local_file",
      "name": "output",
      "provider": "provider[\"registry.terraform.io/hashicorp/local\"]",
      "instances": [
        {
          "schema_version": 0,
          "attributes": {
            "content": "Welcome to the new Trantor SI World!",
            "content_base64": "V2VsY29tZSB0byB0aGUgbmV3IFRyYW50b3IgU0kgV29ybGQh",
            "filename": "exemplo.txt",
            "id": "b2f5896d77c6fe2c3909deec620a9143951ec2f2"
          },
          "sensitive_attributes": []
        }
      ]
    },
    {
      "mode": "managed",
      "type": "local_file",
      "name": "exemplo",
      "provider": "provider[\"registry.terraform.io/hashicorp/local\"]",
      "instances": [
        {
          "schema_version": 0,
          "attributes": {
            "content": "Welcome to the new Trantor SI World 2!",
            "content_base64": null,
            "directory_permission": "0777",
            "file_permission": "0777",
            "filename": "exemplo.txt",
            "id": "637f7579dd23ad7a0617e3e5afe26647793e2fdf",
            "sensitive_content": null,
            "source": null
          },
          "sensitive_attributes": [],
          "private": "bnVsbA=="
        }
      ]
    }
  ]
}
